
Microsoft Visual Studio Solution File, Format Version 12.00
# Visual Studio Version 17
VisualStudioVersion = 17.11.35222.181
MinimumVisualStudioVersion = 10.0.40219.1
Project("{FAE04EC0-301F-11D3-BF4B-00C04F79EFBC}") = "GestioneUtente.API", "GestioneUtente.API\GestioneUtente.API.csproj", "{B3B5ACC3-6206-4E1B-BF82-018CDFA16096}"
EndProject
Project("{FAE04EC0-301F-11D3-BF4B-00C04F79EFBC}") = "GestioneUtente.Shared", "GestioneUtente.Shared\GestioneUtente.Shared.csproj", "{E6A053C4-4CCD-4589-8048-5AB1BBD59B6F}"
EndProject
Project("{FAE04EC0-301F-11D3-BF4B-00C04F79EFBC}") = "GestioneUtente.Repository", "GestioneUtente.Repository\GestioneUtente.Repository.csproj", "{4C25C09F-C3B7-415F-8F17-12746DDD1140}"
EndProject
Project("{FAE04EC0-301F-11D3-BF4B-00C04F79EFBC}") = "GestioneUtente.Business", "GestioneUtente.Business\GestioneUtente.Business.csproj", "{60F0F391-A972-4382-B326-EAE5FBE3109F}"
EndProject
Project("{FAE04EC0-301F-11D3-BF4B-00C04F79EFBC}") = "GestioneUtente.ClientHttp", "GestioneUtente.ClientHttp\GestioneUtente.ClientHttp.csproj", "{5E2487D1-8A93-4EC2-B1D5-EB7C3752C9A0}"
EndProject
Global
	GlobalSection(SolutionConfigurationPlatforms) = preSolution
		Debug|Any CPU = Debug|Any CPU
		Release|Any CPU = Release|Any CPU
	EndGlobalSection
	GlobalSection(ProjectConfigurationPlatforms) = postSolution
		{B3B5ACC3-6206-4E1B-BF82-018CDFA16096}.Debug|Any CPU.ActiveCfg = Debug|Any CPU
		{B3B5ACC3-6206-4E1B-BF82-018CDFA16096}.Debug|Any CPU.Build.0 = Debug|Any CPU
		{B3B5ACC3-6206-4E1B-BF82-018CDFA16096}.Release|Any CPU.ActiveCfg = Release|Any CPU
		{B3B5ACC3-6206-4E1B-BF82-018CDFA16096}.Release|Any CPU.Build.0 = Release|Any CPU
		{E6A053C4-4CCD-4589-8048-5AB1BBD59B6F}.Debug|Any CPU.ActiveCfg = Debug|Any CPU
		{E6A053C4-4CCD-4589-8048-5AB1BBD59B6F}.Debug|Any CPU.Build.0 = Debug|Any CPU
		{E6A053C4-4CCD-4589-8048-5AB1BBD59B6F}.Release|Any CPU.ActiveCfg = Release|Any CPU
		{E6A053C4-4CCD-4589-8048-5AB1BBD59B6F}.Release|Any CPU.Build.0 = Release|Any CPU
		{4C25C09F-C3B7-415F-8F17-12746DDD1140}.Debug|Any CPU.ActiveCfg = Debug|Any CPU
		{4C25C09F-C3B7-415F-8F17-12746DDD1140}.Debug|Any CPU.Build.0 = Debug|Any CPU
		{4C25C09F-C3B7-415F-8F17-12746DDD1140}.Release|Any CPU.ActiveCfg = Release|Any CPU
		{4C25C09F-C3B7-415F-8F17-12746DDD1140}.Release|Any CPU.Build.0 = Release|Any CPU
		{60F0F391-A972-4382-B326-EAE5FBE3109F}.Debug|Any CPU.ActiveCfg = Debug|Any CPU
		{60F0F391-A972-4382-B326-EAE5FBE3109F}.Debug|Any CPU.Build.0 = Debug|Any CPU
		{60F0F391-A972-4382-B326-EAE5FBE3109F}.Release|Any CPU.ActiveCfg = Release|Any CPU
		{60F0F391-A972-4382-B326-EAE5FBE3109F}.Release|Any CPU.Build.0 = Release|Any CPU
		{5E2487D1-8A93-4EC2-B1D5-EB7C3752C9A0}.Debug|Any CPU.ActiveCfg = Debug|Any CPU
		{5E2487D1-8A93-4EC2-B1D5-EB7C3752C9A0}.Debug|Any CPU.Build.0 = Debug|Any CPU
		{5E2487D1-8A93-4EC2-B1D5-EB7C3752C9A0}.Release|Any CPU.ActiveCfg = Release|Any CPU
		{5E2487D1-8A93-4EC2-B1D5-EB7C3752C9A0}.Release|Any CPU.Build.0 = Release|Any CPU
	EndGlobalSection
	GlobalSection(SolutionProperties) = preSolution
		HideSolutionNode = FALSE
	EndGlobalSection
	GlobalSection(ExtensibilityGlobals) = postSolution
		SolutionGuid = {ABB54718-19F5-418F-8557-6886A709AE48}
	EndGlobalSection
EndGlobal
